
Microsoft Visual Studio Solution File, Format Version 12.00
# Visual Studio Version 17
VisualStudioVersion = 17.6.33815.320
MinimumVisualStudioVersion = 10.0.40219.1
Project("{FAE04EC0-301F-11D3-BF4B-00C04F79EFBC}") = "WindowsFormsApp21", "WindowsFormsApp21\WindowsFormsApp21.csproj", "{1D23D900-14E9-4E2F-80DB-5B73DACEB79D}"
EndProject
Global
	GlobalSection(SolutionConfigurationPlatforms) = preSolution
		Debug|Any CPU = Debug|Any CPU
		Release|Any CPU = Release|Any CPU
	EndGlobalSection
	GlobalSection(ProjectConfigurationPlatforms) = postSolution
		{1D23D900-14E9-4E2F-80DB-5B73DACEB79D}.Debug|Any CPU.ActiveCfg = Debug|Any CPU
		{1D23D900-14E9-4E2F-80DB-5B73DACEB79D}.Debug|Any CPU.Build.0 = Debug|Any CPU
		{1D23D900-14E9-4E2F-80DB-5B73DACEB79D}.Release|Any CPU.ActiveCfg = Release|Any CPU
		{1D23D900-14E9-4E2F-80DB-5B73DACEB79D}.Release|Any CPU.Build.0 = Release|Any CPU
	EndGlobalSection
	GlobalSection(SolutionProperties) = preSolution
		HideSolutionNode = FALSE
	EndGlobalSection
	GlobalSection(ExtensibilityGlobals) = postSolution
		SolutionGuid = {7AB29B12-D86E-4F81-85E1-6A1DEF5B61E7}
	EndGlobalSection
EndGlobal
